{
  "version": "v1",
  "packages": {
    "warp-contracts": {
      "signature": "95d50a7fda77d03c7e2d262a3aca58f8",
      "file": true,
      "replaced": "^1.4.17"
    },
    "warp-contracts-plugin-signature": {
      "signature": "ca0a6d6c5ca467d058b519960f9e5c19",
      "file": true,
      "replaced": "^1.0.16"
    }
  }
}